github.com/google/flatbuffers v2.0.8+incompatible h1:ivUb1cGomAB101ZM1T0nOiWz9pSrTMoa9+EiY7igmkM=
github.com/google/flatbuffers v2.0.8+incompatible/go.mod h1:1AeVuKshWv4vARoZatz6mlQ0JxURH0Kv5+zNeJKJCa8=
github.com/google/uuid v1.3.0 h1:t6JiXgmwXMjEs8VusXIJk2BXHsn+wx8BZdTaoZ5fu7I=
github.com/google/uuid v1.3.0/go.mod h1:TIyPZe4MgqvfeYDBFedMoGGpEw/LqOeaOT+nhxU+yHo=
github.com/openhistogram/circonusllhist v0.3.0 h1:CuEawy94hKEzjhSABdqkGirl6o67QrqtRoZg3CXBn6k=
github.com/openhistogram/circonusllhist v0.3.0/go.mod h1:PfeYJ/RW2+Jfv3wTz0upbY2TRour/LLqIm2K2Kw5zg0=
