github.com/google/flatbuffers v24.3.25+incompatible h1:CX395cjN9Kke9mmalRoL3d81AtFUxJM+yDthflgJGkI=
github.com/google/flatbuffers v24.3.25+incompatible/go.mod h1:1AeVuKshWv4vARoZatz6mlQ0JxURH0Kv5+zNeJKJCa8=
github.com/google/uuid v1.6.0 h1:NIvaJDMOsjHA8n1jAhLSgzrAzy1Hgr+hNrb57e+94F0=
github.com/google/uuid v1.6.0/go.mod h1:TIyPZe4MgqvfeYDBFedMoGGpEw/LqOeaOT+nhxU+yHo=
github.com/openhistogram/circonusllhist v0.4.0 h1:t77KqrahIG/iuJqTBNDBwyHu1dkvbCg30amo/TB4gKM=
github.com/openhistogram/circonusllhist v0.4.0/go.mod h1:PfeYJ/RW2+Jfv3wTz0upbY2TRour/LLqIm2K2Kw5zg0=
